// !$*UTF8*$!
{
	archiveVersion = 1;
	classes = {
	};
	objectVersion = 48;
	objects = {

/* Begin PBXBuildFile section */
		500C06FA1FDE254B003DD71F /* UITextField+SJAdd.swift in Sources */ = {isa = PBXBuildFile; fileRef = 500C06F91FDE254B003DD71F /* UITextField+SJAdd.swift */; };
		50158B5F1FE76A690013CC64 /* UINavigationBar+SJAdd.swift in Sources */ = {isa = PBXBuildFile; fileRef = 50158B5E1FE76A690013CC64 /* UINavigationBar+SJAdd.swift */; };
		501808031FC66F2100391741 /* Download.swift in Sources */ = {isa = PBXBuildFile; fileRef = 501808021FC66F2100391741 /* Download.swift */; };
		501808051FC6710E00391741 /* DownloadHelper.swift in Sources */ = {isa = PBXBuildFile; fileRef = 501808041FC6710E00391741 /* DownloadHelper.swift */; };
		501808071FC67AAE00391741 /* FileHelper.swift in Sources */ = {isa = PBXBuildFile; fileRef = 501808061FC67AAE00391741 /* FileHelper.swift */; };
		501DFC141FDF799700EE0D81 /* SJCache.swift in Sources */ = {isa = PBXBuildFile; fileRef = 501DFC131FDF799700EE0D81 /* SJCache.swift */; };
		5033B8BA1FAC16180041E326 /* SearchVC.swift in Sources */ = {isa = PBXBuildFile; fileRef = 5033B8B61FAC16180041E326 /* SearchVC.swift */; };
		5033B8BC1FAC16D40041E326 /* SongCell.swift in Sources */ = {isa = PBXBuildFile; fileRef = 5033B8BB1FAC16D40041E326 /* SongCell.swift */; };
		5033B8BF1FAC171E0041E326 /* StoryboardHelper.swift in Sources */ = {isa = PBXBuildFile; fileRef = 5033B8BE1FAC171E0041E326 /* StoryboardHelper.swift */; };
		5033B8C11FAC1BC20041E326 /* Song.swift in Sources */ = {isa = PBXBuildFile; fileRef = 5033B8C01FAC1BC20041E326 /* Song.swift */; };
		5033B8C41FAC1DC70041E326 /* ModelProtocol.swift in Sources */ = {isa = PBXBuildFile; fileRef = 5033B8C31FAC1DC70041E326 /* ModelProtocol.swift */; };
		5033B8C61FAC39BB0041E326 /* RequestHelper.swift in Sources */ = {isa = PBXBuildFile; fileRef = 5033B8C51FAC39BB0041E326 /* RequestHelper.swift */; };
		5033B8CA1FAC59A40041E326 /* SearchVC+UISearchBarDelegate.swift in Sources */ = {isa = PBXBuildFile; fileRef = 5033B8C91FAC59A40041E326 /* SearchVC+UISearchBarDelegate.swift */; };
		504DF6041FA32353009AC5F2 /* UIImageView+SJAdd.swift in Sources */ = {isa = PBXBuildFile; fileRef = 504DF6031FA32353009AC5F2 /* UIImageView+SJAdd.swift */; };
		504DF6081FA3237F009AC5F2 /* UIView+SJAdd.swift in Sources */ = {isa = PBXBuildFile; fileRef = 504DF6071FA3237F009AC5F2 /* UIView+SJAdd.swift */; };
		504DF60B1FA32390009AC5F2 /* SwordJoy.swift in Sources */ = {isa = PBXBuildFile; fileRef = 504DF60A1FA32390009AC5F2 /* SwordJoy.swift */; };
		505740611FFDB9B40070E402 /* Sort.swift in Sources */ = {isa = PBXBuildFile; fileRef = 505740601FFDB9B40070E402 /* Sort.swift */; };
		505EBC641FA30ABE00B2B70E /* AppDelegate.swift in Sources */ = {isa = PBXBuildFile; fileRef = 505EBC631FA30ABE00B2B70E /* AppDelegate.swift */; };
		505EBC691FA30ABE00B2B70E /* Main.storyboard in Resources */ = {isa = PBXBuildFile; fileRef = 505EBC671FA30ABE00B2B70E /* Main.storyboard */; };
		505EBC6B1FA30ABE00B2B70E /* Assets.xcassets in Resources */ = {isa = PBXBuildFile; fileRef = 505EBC6A1FA30ABE00B2B70E /* Assets.xcassets */; };
		505EBC6E1FA30ABE00B2B70E /* LaunchScreen.storyboard in Resources */ = {isa = PBXBuildFile; fileRef = 505EBC6C1FA30ABE00B2B70E /* LaunchScreen.storyboard */; };
		505EBC941FA30D5700B2B70E /* ViewController.swift in Sources */ = {isa = PBXBuildFile; fileRef = 505EBC931FA30D5700B2B70E /* ViewController.swift */; };
		505EBC9B1FA316C800B2B70E /* UIScreen+SJAdd.swift in Sources */ = {isa = PBXBuildFile; fileRef = 505EBC9A1FA316C800B2B70E /* UIScreen+SJAdd.swift */; };
		505EBC9D1FA316ED00B2B70E /* UIDevice+SJAdd.swift in Sources */ = {isa = PBXBuildFile; fileRef = 505EBC9C1FA316ED00B2B70E /* UIDevice+SJAdd.swift */; };
		505EBC9F1FA31ED900B2B70E /* UIColor+SJAdd.swift in Sources */ = {isa = PBXBuildFile; fileRef = 505EBC9E1FA31ED900B2B70E /* UIColor+SJAdd.swift */; };
		506A9EB71FEE33BB00425931 /* CounterView.swift in Sources */ = {isa = PBXBuildFile; fileRef = 506A9EB61FEE33BB00425931 /* CounterView.swift */; };
		506A9EB91FEE390500425931 /* DrawVC.swift in Sources */ = {isa = PBXBuildFile; fileRef = 506A9EB81FEE390500425931 /* DrawVC.swift */; };
		506A9EBB1FEE425D00425931 /* GraphView.swift in Sources */ = {isa = PBXBuildFile; fileRef = 506A9EBA1FEE425D00425931 /* GraphView.swift */; };
		506B37721FB035940015D397 /* SJPermission.swift in Sources */ = {isa = PBXBuildFile; fileRef = 506B37711FB035940015D397 /* SJPermission.swift */; };
		506B37741FB03ED60015D397 /* SJApp.swift in Sources */ = {isa = PBXBuildFile; fileRef = 506B37731FB03ED60015D397 /* SJApp.swift */; };
		506B37771FB049720015D397 /* SJScanHelper.swift in Sources */ = {isa = PBXBuildFile; fileRef = 506B37761FB049720015D397 /* SJScanHelper.swift */; };
		506EF5411FE270D20027E883 /* String+SJEncrypt.swift in Sources */ = {isa = PBXBuildFile; fileRef = 506EF5401FE270D20027E883 /* String+SJEncrypt.swift */; };
		50729C5E1FE8BC0700313C3C /* L.png in Resources */ = {isa = PBXBuildFile; fileRef = 50729C5D1FE8BC0600313C3C /* L.png */; };
		507B77171FFB2DFC006C9468 /* SJNetwork.swift in Sources */ = {isa = PBXBuildFile; fileRef = 507B77161FFB2DFC006C9468 /* SJNetwork.swift */; };
		509273FB1FE4B63800D04BB1 /* String+SJRegex.swift in Sources */ = {isa = PBXBuildFile; fileRef = 509273FA1FE4B63800D04BB1 /* String+SJRegex.swift */; };
		509BFD191FA9CC9A00999675 /* Network.storyboard in Resources */ = {isa = PBXBuildFile; fileRef = 509BFD181FA9CC9A00999675 /* Network.storyboard */; };
		509F924D1FE8EE9100D6CEAD /* LineView.swift in Sources */ = {isa = PBXBuildFile; fileRef = 509F924C1FE8EE9100D6CEAD /* LineView.swift */; };
		509F92531FE90FCB00D6CEAD /* String.swift in Sources */ = {isa = PBXBuildFile; fileRef = 509F92521FE90FCB00D6CEAD /* String.swift */; };
		50D1BC821FA80F8A008B4430 /* Array+SJAdd.swift in Sources */ = {isa = PBXBuildFile; fileRef = 50D1BC811FA80F8A008B4430 /* Array+SJAdd.swift */; };
		50D1BC841FA8130C008B4430 /* CALayer+SJAdd.swift in Sources */ = {isa = PBXBuildFile; fileRef = 50D1BC831FA8130C008B4430 /* CALayer+SJAdd.swift */; };
		50D1BC881FA81400008B4430 /* Dispatch+SJAdd.swift in Sources */ = {isa = PBXBuildFile; fileRef = 50D1BC871FA81400008B4430 /* Dispatch+SJAdd.swift */; };
		50D1BC8A1FA8142B008B4430 /* Number+SJAdd.swift in Sources */ = {isa = PBXBuildFile; fileRef = 50D1BC891FA8142B008B4430 /* Number+SJAdd.swift */; };
		50D1BC8C1FA82357008B4430 /* UIImage+SJAdd.swift in Sources */ = {isa = PBXBuildFile; fileRef = 50D1BC8B1FA82357008B4430 /* UIImage+SJAdd.swift */; };
		50D7A21A1FBEE15500E27A65 /* SupportCode.swift in Sources */ = {isa = PBXBuildFile; fileRef = 50D7A2191FBEE15500E27A65 /* SupportCode.swift */; };
		50D7A21C1FBEE19D00E27A65 /* RXSwiftVC.swift in Sources */ = {isa = PBXBuildFile; fileRef = 50D7A21B1FBEE19D00E27A65 /* RXSwiftVC.swift */; };
		50F1C8C61FEE0AEA00CBDA25 /* Draw.storyboard in Resources */ = {isa = PBXBuildFile; fileRef = 50F1C8C51FEE0AEA00CBDA25 /* Draw.storyboard */; };
		50F1C8C81FEE220300CBDA25 /* PushButton.swift in Sources */ = {isa = PBXBuildFile; fileRef = 50F1C8C71FEE220300CBDA25 /* PushButton.swift */; };
		60EF4324979A62830683712D /* Pods_Whale.framework in Frameworks */ = {isa = PBXBuildFile; fileRef = F30BFE122EA45831FB5921D1 /* Pods_Whale.framework */; };
/* End PBXBuildFile section */

/* Begin PBXCopyFilesBuildPhase section */
		5072A3901FBEB46100308417 /* Embed Frameworks */ = {
			isa = PBXCopyFilesBuildPhase;
			buildActionMask = 2147483647;
			dstPath = "";
			dstSubfolderSpec = 10;
			files = (
			);
			name = "Embed Frameworks";
			runOnlyForDeploymentPostprocessing = 0;
		};
/* End PBXCopyFilesBuildPhase section */

/* Begin PBXFileReference section */
		128DAC94CE9110A1E5F7347F /* Pods_WhaleTests.framework */ = {isa = PBXFileReference; explicitFileType = wrapper.framework; includeInIndex = 0; path = Pods_WhaleTests.framework; sourceTree = BUILT_PRODUCTS_DIR; };
		174A43BB14A8DF560E340260 /* Pods-Whale.release.xcconfig */ = {isa = PBXFileReference; includeInIndex = 1; lastKnownFileType = text.xcconfig; name = "Pods-Whale.release.xcconfig"; path = "Pods/Target Support Files/Pods-Whale/Pods-Whale.release.xcconfig"; sourceTree = "<group>"; };
		2D9A632E7E7235523A94FFB5 /* Pods-WhaleTests.release.xcconfig */ = {isa = PBXFileReference; includeInIndex = 1; lastKnownFileType = text.xcconfig; name = "Pods-WhaleTests.release.xcconfig"; path = "Pods/Target Support Files/Pods-WhaleTests/Pods-WhaleTests.release.xcconfig"; sourceTree = "<group>"; };
		4CC2154C245CDE99B3EEA157 /* Pods_WhaleUITests.framework */ = {isa = PBXFileReference; explicitFileType = wrapper.framework; includeInIndex = 0; path = Pods_WhaleUITests.framework; sourceTree = BUILT_PRODUCTS_DIR; };
		500C06F91FDE254B003DD71F /* UITextField+SJAdd.swift */ = {isa = PBXFileReference; lastKnownFileType = sourcecode.swift; path = "UITextField+SJAdd.swift"; sourceTree = "<group>"; };
		50158B5E1FE76A690013CC64 /* UINavigationBar+SJAdd.swift */ = {isa = PBXFileReference; lastKnownFileType = sourcecode.swift; path = "UINavigationBar+SJAdd.swift"; sourceTree = "<group>"; };
		501808021FC66F2100391741 /* Download.swift */ = {isa = PBXFileReference; lastKnownFileType = sourcecode.swift; path = Download.swift; sourceTree = "<group>"; };
		501808041FC6710E00391741 /* DownloadHelper.swift */ = {isa = PBXFileReference; lastKnownFileType = sourcecode.swift; path = DownloadHelper.swift; sourceTree = "<group>"; };
		501808061FC67AAE00391741 /* FileHelper.swift */ = {isa = PBXFileReference; lastKnownFileType = sourcecode.swift; path = FileHelper.swift; sourceTree = "<group>"; };
		501DFC131FDF799700EE0D81 /* SJCache.swift */ = {isa = PBXFileReference; lastKnownFileType = sourcecode.swift; path = SJCache.swift; sourceTree = "<group>"; };
		5033B8B61FAC16180041E326 /* SearchVC.swift */ = {isa = PBXFileReference; fileEncoding = 4; lastKnownFileType = sourcecode.swift; path = SearchVC.swift; sourceTree = "<group>"; };
		5033B8BB1FAC16D40041E326 /* SongCell.swift */ = {isa = PBXFileReference; lastKnownFileType = sourcecode.swift; path = SongCell.swift; sourceTree = "<group>"; };
		5033B8BE1FAC171E0041E326 /* StoryboardHelper.swift */ = {isa = PBXFileReference; fileEncoding = 4; lastKnownFileType = sourcecode.swift; path = StoryboardHelper.swift; sourceTree = "<group>"; };
		5033B8C01FAC1BC20041E326 /* Song.swift */ = {isa = PBXFileReference; lastKnownFileType = sourcecode.swift; path = Song.swift; sourceTree = "<group>"; };
		5033B8C31FAC1DC70041E326 /* ModelProtocol.swift */ = {isa = PBXFileReference; fileEncoding = 4; lastKnownFileType = sourcecode.swift; path = ModelProtocol.swift; sourceTree = "<group>"; };
		5033B8C51FAC39BB0041E326 /* RequestHelper.swift */ = {isa = PBXFileReference; lastKnownFileType = sourcecode.swift; path = RequestHelper.swift; sourceTree = "<group>"; };
		5033B8C91FAC59A40041E326 /* SearchVC+UISearchBarDelegate.swift */ = {isa = PBXFileReference; lastKnownFileType = sourcecode.swift; path = "SearchVC+UISearchBarDelegate.swift"; sourceTree = "<group>"; };
		504DF6031FA32353009AC5F2 /* UIImageView+SJAdd.swift */ = {isa = PBXFileReference; fileEncoding = 4; lastKnownFileType = sourcecode.swift; path = "UIImageView+SJAdd.swift"; sourceTree = "<group>"; };
		504DF6071FA3237F009AC5F2 /* UIView+SJAdd.swift */ = {isa = PBXFileReference; fileEncoding = 4; lastKnownFileType = sourcecode.swift; path = "UIView+SJAdd.swift"; sourceTree = "<group>"; };
		504DF60A1FA32390009AC5F2 /* SwordJoy.swift */ = {isa = PBXFileReference; fileEncoding = 4; lastKnownFileType = sourcecode.swift; path = SwordJoy.swift; sourceTree = "<group>"; };
		505740601FFDB9B40070E402 /* Sort.swift */ = {isa = PBXFileReference; lastKnownFileType = sourcecode.swift; path = Sort.swift; sourceTree = "<group>"; };
		505EBC601FA30ABE00B2B70E /* Whale.app */ = {isa = PBXFileReference; explicitFileType = wrapper.application; includeInIndex = 0; path = Whale.app; sourceTree = BUILT_PRODUCTS_DIR; };
		505EBC631FA30ABE00B2B70E /* AppDelegate.swift */ = {isa = PBXFileReference; lastKnownFileType = sourcecode.swift; path = AppDelegate.swift; sourceTree = "<group>"; };
		505EBC681FA30ABE00B2B70E /* Base */ = {isa = PBXFileReference; lastKnownFileType = file.storyboard; name = Base; path = Base.lproj/Main.storyboard; sourceTree = "<group>"; };
		505EBC6A1FA30ABE00B2B70E /* Assets.xcassets */ = {isa = PBXFileReference; lastKnownFileType = folder.assetcatalog; path = Assets.xcassets; sourceTree = "<group>"; };
		505EBC6D1FA30ABE00B2B70E /* Base */ = {isa = PBXFileReference; lastKnownFileType = file.storyboard; name = Base; path = Base.lproj/LaunchScreen.storyboard; sourceTree = "<group>"; };
		505EBC6F1FA30ABE00B2B70E /* Info.plist */ = {isa = PBXFileReference; lastKnownFileType = text.plist.xml; path = Info.plist; sourceTree = "<group>"; };
		505EBC931FA30D5700B2B70E /* ViewController.swift */ = {isa = PBXFileReference; fileEncoding = 4; lastKnownFileType = sourcecode.swift; path = ViewController.swift; sourceTree = "<group>"; };
		505EBC9A1FA316C800B2B70E /* UIScreen+SJAdd.swift */ = {isa = PBXFileReference; fileEncoding = 4; lastKnownFileType = sourcecode.swift; path = "UIScreen+SJAdd.swift"; sourceTree = "<group>"; };
		505EBC9C1FA316ED00B2B70E /* UIDevice+SJAdd.swift */ = {isa = PBXFileReference; fileEncoding = 4; lastKnownFileType = sourcecode.swift; path = "UIDevice+SJAdd.swift"; sourceTree = "<group>"; };
		505EBC9E1FA31ED900B2B70E /* UIColor+SJAdd.swift */ = {isa = PBXFileReference; fileEncoding = 4; lastKnownFileType = sourcecode.swift; path = "UIColor+SJAdd.swift"; sourceTree = "<group>"; };
		506A9EB61FEE33BB00425931 /* CounterView.swift */ = {isa = PBXFileReference; lastKnownFileType = sourcecode.swift; path = CounterView.swift; sourceTree = "<group>"; };
		506A9EB81FEE390500425931 /* DrawVC.swift */ = {isa = PBXFileReference; lastKnownFileType = sourcecode.swift; path = DrawVC.swift; sourceTree = "<group>"; };
		506A9EBA1FEE425D00425931 /* GraphView.swift */ = {isa = PBXFileReference; lastKnownFileType = sourcecode.swift; path = GraphView.swift; sourceTree = "<group>"; };
		506B37711FB035940015D397 /* SJPermission.swift */ = {isa = PBXFileReference; lastKnownFileType = sourcecode.swift; path = SJPermission.swift; sourceTree = "<group>"; };
		506B37731FB03ED60015D397 /* SJApp.swift */ = {isa = PBXFileReference; fileEncoding = 4; lastKnownFileType = sourcecode.swift; path = SJApp.swift; sourceTree = "<group>"; };
		506B37761FB049720015D397 /* SJScanHelper.swift */ = {isa = PBXFileReference; lastKnownFileType = sourcecode.swift; path = SJScanHelper.swift; sourceTree = "<group>"; };
		506EF5401FE270D20027E883 /* String+SJEncrypt.swift */ = {isa = PBXFileReference; fileEncoding = 4; lastKnownFileType = sourcecode.swift; path = "String+SJEncrypt.swift"; sourceTree = "<group>"; };
		50729C5D1FE8BC0600313C3C /* L.png */ = {isa = PBXFileReference; lastKnownFileType = image.png; path = L.png; sourceTree = "<group>"; };
		507B77161FFB2DFC006C9468 /* SJNetwork.swift */ = {isa = PBXFileReference; lastKnownFileType = sourcecode.swift; path = SJNetwork.swift; sourceTree = "<group>"; };
		509273FA1FE4B63800D04BB1 /* String+SJRegex.swift */ = {isa = PBXFileReference; lastKnownFileType = sourcecode.swift; path = "String+SJRegex.swift"; sourceTree = "<group>"; };
		509BFD181FA9CC9A00999675 /* Network.storyboard */ = {isa = PBXFileReference; lastKnownFileType = file.storyboard; path = Network.storyboard; sourceTree = "<group>"; };
		509F924C1FE8EE9100D6CEAD /* LineView.swift */ = {isa = PBXFileReference; lastKnownFileType = sourcecode.swift; path = LineView.swift; sourceTree = "<group>"; };
		509F92521FE90FCB00D6CEAD /* String.swift */ = {isa = PBXFileReference; lastKnownFileType = sourcecode.swift; path = String.swift; sourceTree = "<group>"; };
		50D1BC811FA80F8A008B4430 /* Array+SJAdd.swift */ = {isa = PBXFileReference; lastKnownFileType = sourcecode.swift; path = "Array+SJAdd.swift"; sourceTree = "<group>"; };
		50D1BC831FA8130C008B4430 /* CALayer+SJAdd.swift */ = {isa = PBXFileReference; lastKnownFileType = sourcecode.swift; path = "CALayer+SJAdd.swift"; sourceTree = "<group>"; };
		50D1BC871FA81400008B4430 /* Dispatch+SJAdd.swift */ = {isa = PBXFileReference; lastKnownFileType = sourcecode.swift; path = "Dispatch+SJAdd.swift"; sourceTree = "<group>"; };
		50D1BC891FA8142B008B4430 /* Number+SJAdd.swift */ = {isa = PBXFileReference; lastKnownFileType = sourcecode.swift; path = "Number+SJAdd.swift"; sourceTree = "<group>"; };
		50D1BC8B1FA82357008B4430 /* UIImage+SJAdd.swift */ = {isa = PBXFileReference; lastKnownFileType = sourcecode.swift; path = "UIImage+SJAdd.swift"; sourceTree = "<group>"; };
		50D7A2191FBEE15500E27A65 /* SupportCode.swift */ = {isa = PBXFileReference; lastKnownFileType = sourcecode.swift; path = SupportCode.swift; sourceTree = "<group>"; };
		50D7A21B1FBEE19D00E27A65 /* RXSwiftVC.swift */ = {isa = PBXFileReference; lastKnownFileType = sourcecode.swift; path = RXSwiftVC.swift; sourceTree = "<group>"; };
		50F1C8C51FEE0AEA00CBDA25 /* Draw.storyboard */ = {isa = PBXFileReference; lastKnownFileType = file.storyboard; path = Draw.storyboard; sourceTree = "<group>"; };
		50F1C8C71FEE220300CBDA25 /* PushButton.swift */ = {isa = PBXFileReference; lastKnownFileType = sourcecode.swift; path = PushButton.swift; sourceTree = "<group>"; };
		6F7833A1CA02195A1942EB1E /* Pods-WhaleUITests.debug.xcconfig */ = {isa = PBXFileReference; includeInIndex = 1; lastKnownFileType = text.xcconfig; name = "Pods-WhaleUITests.debug.xcconfig"; path = "Pods/Target Support Files/Pods-WhaleUITests/Pods-WhaleUITests.debug.xcconfig"; sourceTree = "<group>"; };
		CC991BA81A12FEBEC17F8BC8 /* Pods-WhaleUITests.release.xcconfig */ = {isa = PBXFileReference; includeInIndex = 1; lastKnownFileType = text.xcconfig; name = "Pods-WhaleUITests.release.xcconfig"; path = "Pods/Target Support Files/Pods-WhaleUITests/Pods-WhaleUITests.release.xcconfig"; sourceTree = "<group>"; };
		E98AEDA7A6E66B24AC70843D /* Pods-WhaleTests.debug.xcconfig */ = {isa = PBXFileReference; includeInIndex = 1; lastKnownFileType = text.xcconfig; name = "Pods-WhaleTests.debug.xcconfig"; path = "Pods/Target Support Files/Pods-WhaleTests/Pods-WhaleTests.debug.xcconfig"; sourceTree = "<group>"; };
		F0F8C1DA28A00307E83AC850 /* Pods-Whale.debug.xcconfig */ = {isa = PBXFileReference; includeInIndex = 1; lastKnownFileType = text.xcconfig; name = "Pods-Whale.debug.xcconfig"; path = "Pods/Target Support Files/Pods-Whale/Pods-Whale.debug.xcconfig"; sourceTree = "<group>"; };
		F30BFE122EA45831FB5921D1 /* Pods_Whale.framework */ = {isa = PBXFileReference; explicitFileType = wrapper.framework; includeInIndex = 0; path = Pods_Whale.framework; sourceTree = BUILT_PRODUCTS_DIR; };
/* End PBXFileReference section */

/* Begin PBXFrameworksBuildPhase section */
		505EBC5D1FA30ABE00B2B70E /* Frameworks */ = {
			isa = PBXFrameworksBuildPhase;
			buildActionMask = 2147483647;
			files = (
				60EF4324979A62830683712D /* Pods_Whale.framework in Frameworks */,
			);
			runOnlyForDeploymentPostprocessing = 0;
		};
/* End PBXFrameworksBuildPhase section */

/* Begin PBXGroup section */
		48EDA1131693B37A388CCBC2 /* Pods */ = {
			isa = PBXGroup;
			children = (
				F0F8C1DA28A00307E83AC850 /* Pods-Whale.debug.xcconfig */,
				174A43BB14A8DF560E340260 /* Pods-Whale.release.xcconfig */,
				E98AEDA7A6E66B24AC70843D /* Pods-WhaleTests.debug.xcconfig */,
				2D9A632E7E7235523A94FFB5 /* Pods-WhaleTests.release.xcconfig */,
				6F7833A1CA02195A1942EB1E /* Pods-WhaleUITests.debug.xcconfig */,
				CC991BA81A12FEBEC17F8BC8 /* Pods-WhaleUITests.release.xcconfig */,
			);
			name = Pods;
			sourceTree = "<group>";
		};
		5033B8B11FAC0D770041E326 /* Demo */ = {
			isa = PBXGroup;
			children = (
				509F924F1FE90F9300D6CEAD /* Leetcode */,
				509F924B1FE8EE6100D6CEAD /* Quart2D */,
				50D7A2171FBEE13300E27A65 /* RXSwift */,
				5033B8B41FAC16180041E326 /* NetWork */,
			);
			path = Demo;
			sourceTree = "<group>";
		};
		5033B8B41FAC16180041E326 /* NetWork */ = {
			isa = PBXGroup;
			children = (
				509BFD181FA9CC9A00999675 /* Network.storyboard */,
				5033B8B51FAC16180041E326 /* Controller */,
				5033B8B71FAC16180041E326 /* Helper */,
				5033B8B81FAC16180041E326 /* Model */,
				5033B8B91FAC16180041E326 /* View */,
			);
			path = NetWork;
			sourceTree = "<group>";
		};
		5033B8B51FAC16180041E326 /* Controller */ = {
			isa = PBXGroup;
			children = (
				5033B8B61FAC16180041E326 /* SearchVC.swift */,
				5033B8C91FAC59A40041E326 /* SearchVC+UISearchBarDelegate.swift */,
			);
			path = Controller;
			sourceTree = "<group>";
		};
		5033B8B71FAC16180041E326 /* Helper */ = {
			isa = PBXGroup;
			children = (
				5033B8C51FAC39BB0041E326 /* RequestHelper.swift */,
				501808041FC6710E00391741 /* DownloadHelper.swift */,
				501808061FC67AAE00391741 /* FileHelper.swift */,
			);
			path = Helper;
			sourceTree = "<group>";
		};
		5033B8B81FAC16180041E326 /* Model */ = {
			isa = PBXGroup;
			children = (
				501808021FC66F2100391741 /* Download.swift */,
				5033B8C01FAC1BC20041E326 /* Song.swift */,
			);
			path = Model;
			sourceTree = "<group>";
		};
		5033B8B91FAC16180041E326 /* View */ = {
			isa = PBXGroup;
			children = (
				5033B8BB1FAC16D40041E326 /* SongCell.swift */,
			);
			path = View;
			sourceTree = "<group>";
		};
		5033B8BD1FAC17110041E326 /* StoryBoard */ = {
			isa = PBXGroup;
			children = (
				5033B8BE1FAC171E0041E326 /* StoryboardHelper.swift */,
			);
			path = StoryBoard;
			sourceTree = "<group>";
		};
		5033B8C21FAC1DC60041E326 /* Protocol */ = {
			isa = PBXGroup;
			children = (
				5033B8C31FAC1DC70041E326 /* ModelProtocol.swift */,
			);
			path = Protocol;
			sourceTree = "<group>";
		};
		504DF6091FA32390009AC5F2 /* Base */ = {
			isa = PBXGroup;
			children = (
				504DF60A1FA32390009AC5F2 /* SwordJoy.swift */,
			);
			path = Base;
			sourceTree = "<group>";
		};
		505EBC571FA30ABE00B2B70E = {
			isa = PBXGroup;
			children = (
				505EBC621FA30ABE00B2B70E /* Whale */,
				505EBC611FA30ABE00B2B70E /* Products */,
				93CBA3BF431F5E35C773A951 /* Frameworks */,
				48EDA1131693B37A388CCBC2 /* Pods */,
			);
			sourceTree = "<group>";
		};
		505EBC611FA30ABE00B2B70E /* Products */ = {
			isa = PBXGroup;
			children = (
				505EBC601FA30ABE00B2B70E /* Whale.app */,
			);
			name = Products;
			sourceTree = "<group>";
		};
		505EBC621FA30ABE00B2B70E /* Whale */ = {
			isa = PBXGroup;
			children = (
				50729C5B1FE8BC0600313C3C /* Resources */,
				505EBC921FA30D5700B2B70E /* Moudle */,
				505EBC911FA30AD500B2B70E /* Supporting Files */,
			);
			path = Whale;
			sourceTree = "<group>";
		};
		505EBC911FA30AD500B2B70E /* Supporting Files */ = {
			isa = PBXGroup;
			children = (
				505EBC631FA30ABE00B2B70E /* AppDelegate.swift */,
				505EBC671FA30ABE00B2B70E /* Main.storyboard */,
				505EBC6A1FA30ABE00B2B70E /* Assets.xcassets */,
				505EBC6C1FA30ABE00B2B70E /* LaunchScreen.storyboard */,
				505EBC6F1FA30ABE00B2B70E /* Info.plist */,
			);
			path = "Supporting Files";
			sourceTree = "<group>";
		};
		505EBC921FA30D5700B2B70E /* Moudle */ = {
			isa = PBXGroup;
			children = (
				5033B8B11FAC0D770041E326 /* Demo */,
				505EBC951FA30D7000B2B70E /* Tool */,
				505EBC931FA30D5700B2B70E /* ViewController.swift */,
			);
			path = Moudle;
			sourceTree = "<group>";
		};
		505EBC951FA30D7000B2B70E /* Tool */ = {
			isa = PBXGroup;
			children = (
				506B37751FB047FA0015D397 /* SJScan */,
				506B37701FB0357A0015D397 /* Public */,
				5033B8C21FAC1DC60041E326 /* Protocol */,
				5033B8BD1FAC17110041E326 /* StoryBoard */,
				505EBC961FA3131600B2B70E /* Extension */,
			);
			path = Tool;
			sourceTree = "<group>";
		};
		505EBC961FA3131600B2B70E /* Extension */ = {
			isa = PBXGroup;
			children = (
				504DF6091FA32390009AC5F2 /* Base */,
				50D1BC801FA80D95008B4430 /* Foundation */,
				505EBC991FA316BE00B2B70E /* UIKit */,
			);
			path = Extension;
			sourceTree = "<group>";
		};
		505EBC991FA316BE00B2B70E /* UIKit */ = {
			isa = PBXGroup;
			children = (
				504DF6071FA3237F009AC5F2 /* UIView+SJAdd.swift */,
				504DF6031FA32353009AC5F2 /* UIImageView+SJAdd.swift */,
				505EBC9E1FA31ED900B2B70E /* UIColor+SJAdd.swift */,
				505EBC9C1FA316ED00B2B70E /* UIDevice+SJAdd.swift */,
				505EBC9A1FA316C800B2B70E /* UIScreen+SJAdd.swift */,
				50D1BC831FA8130C008B4430 /* CALayer+SJAdd.swift */,
				50D1BC8B1FA82357008B4430 /* UIImage+SJAdd.swift */,
				500C06F91FDE254B003DD71F /* UITextField+SJAdd.swift */,
				50158B5E1FE76A690013CC64 /* UINavigationBar+SJAdd.swift */,
			);
			path = UIKit;
			sourceTree = "<group>";
		};
		506B37701FB0357A0015D397 /* Public */ = {
			isa = PBXGroup;
			children = (
				506B37731FB03ED60015D397 /* SJApp.swift */,
				506B37711FB035940015D397 /* SJPermission.swift */,
				501DFC131FDF799700EE0D81 /* SJCache.swift */,
				507B77161FFB2DFC006C9468 /* SJNetwork.swift */,
			);
			path = Public;
			sourceTree = "<group>";
		};
		506B37751FB047FA0015D397 /* SJScan */ = {
			isa = PBXGroup;
			children = (
				506B37761FB049720015D397 /* SJScanHelper.swift */,
			);
			path = SJScan;
			sourceTree = "<group>";
		};
		506EF53F1FE270D20027E883 /* String */ = {
			isa = PBXGroup;
			children = (
				506EF5401FE270D20027E883 /* String+SJEncrypt.swift */,
				509273FA1FE4B63800D04BB1 /* String+SJRegex.swift */,
			);
			path = String;
			sourceTree = "<group>";
		};
		50729C5B1FE8BC0600313C3C /* Resources */ = {
			isa = PBXGroup;
			children = (
				50729C5C1FE8BC0600313C3C /* Images */,
			);
			path = Resources;
			sourceTree = "<group>";
		};
		50729C5C1FE8BC0600313C3C /* Images */ = {
			isa = PBXGroup;
			children = (
				50729C5D1FE8BC0600313C3C /* L.png */,
			);
			path = Images;
			sourceTree = "<group>";
		};
		509F924B1FE8EE6100D6CEAD /* Quart2D */ = {
			isa = PBXGroup;
			children = (
				50F1C8C51FEE0AEA00CBDA25 /* Draw.storyboard */,
				506A9EB81FEE390500425931 /* DrawVC.swift */,
				509F924C1FE8EE9100D6CEAD /* LineView.swift */,
				50F1C8C71FEE220300CBDA25 /* PushButton.swift */,
				506A9EB61FEE33BB00425931 /* CounterView.swift */,
				506A9EBA1FEE425D00425931 /* GraphView.swift */,
			);
			path = Quart2D;
			sourceTree = "<group>";
		};
		509F924F1FE90F9300D6CEAD /* Leetcode */ = {
			isa = PBXGroup;
			children = (
				509F92521FE90FCB00D6CEAD /* String.swift */,
				505740601FFDB9B40070E402 /* Sort.swift */,
			);
			path = Leetcode;
			sourceTree = "<group>";
		};
		50D1BC801FA80D95008B4430 /* Foundation */ = {
			isa = PBXGroup;
			children = (
				506EF53F1FE270D20027E883 /* String */,
				50D1BC811FA80F8A008B4430 /* Array+SJAdd.swift */,
				50D1BC871FA81400008B4430 /* Dispatch+SJAdd.swift */,
				50D1BC891FA8142B008B4430 /* Number+SJAdd.swift */,
			);
			path = Foundation;
			sourceTree = "<group>";
		};
		50D7A2171FBEE13300E27A65 /* RXSwift */ = {
			isa = PBXGroup;
			children = (
				50D7A2191FBEE15500E27A65 /* SupportCode.swift */,
				50D7A21B1FBEE19D00E27A65 /* RXSwiftVC.swift */,
			);
			path = RXSwift;
			sourceTree = "<group>";
		};
		93CBA3BF431F5E35C773A951 /* Frameworks */ = {
			isa = PBXGroup;
			children = (
				F30BFE122EA45831FB5921D1 /* Pods_Whale.framework */,
				128DAC94CE9110A1E5F7347F /* Pods_WhaleTests.framework */,
				4CC2154C245CDE99B3EEA157 /* Pods_WhaleUITests.framework */,
			);
			name = Frameworks;
			sourceTree = "<group>";
		};
/* End PBXGroup section */

/* Begin PBXNativeTarget section */
		505EBC5F1FA30ABE00B2B70E /* Whale */ = {
			isa = PBXNativeTarget;
			buildConfigurationList = 505EBC881FA30ABE00B2B70E /* Build configuration list for PBXNativeTarget "Whale" */;
			buildPhases = (
				2D5A68C38AF86EAF5CA78FB2 /* [CP] Check Pods Manifest.lock */,
				505EBC5C1FA30ABE00B2B70E /* Sources */,
				505EBC5D1FA30ABE00B2B70E /* Frameworks */,
				505EBC5E1FA30ABE00B2B70E /* Resources */,
				E9F08AC477AF5726BDAF6CC2 /* [CP] Embed Pods Frameworks */,
				5072A3901FBEB46100308417 /* Embed Frameworks */,
				0C9A8DD6BB45156A956F9BF0 /* [CP] Copy Pods Resources */,
				50CB4CBF1FCBB7080074BEAE /* ShellScript */,
			);
			buildRules = (
			);
			dependencies = (
			);
			name = Whale;
			productName = Whale;
			productReference = 505EBC601FA30ABE00B2B70E /* Whale.app */;
			productType = "com.apple.product-type.application";
		};
/* End PBXNativeTarget section */

/* Begin PBXProject section */
		505EBC581FA30ABE00B2B70E /* Project object */ = {
			isa = PBXProject;
			attributes = {
				LastSwiftUpdateCheck = 0910;
				LastUpgradeCheck = 0900;
				ORGANIZATIONNAME = "LIU LV YANG";
				TargetAttributes = {
					505EBC5F1FA30ABE00B2B70E = {
						CreatedOnToolsVersion = 9.0.1;
						ProvisioningStyle = Automatic;
					};
				};
			};
			buildConfigurationList = 505EBC5B1FA30ABE00B2B70E /* Build configuration list for PBXProject "Whale" */;
			compatibilityVersion = "Xcode 8.0";
			developmentRegion = en;
			hasScannedForEncodings = 0;
			knownRegions = (
				en,
				Base,
			);
			mainGroup = 505EBC571FA30ABE00B2B70E;
			productRefGroup = 505EBC611FA30ABE00B2B70E /* Products */;
			projectDirPath = "";
			projectRoot = "";
			targets = (
				505EBC5F1FA30ABE00B2B70E /* Whale */,
			);
		};
/* End PBXProject section */

/* Begin PBXResourcesBuildPhase section */
		505EBC5E1FA30ABE00B2B70E /* Resources */ = {
			isa = PBXResourcesBuildPhase;
			buildActionMask = 2147483647;
			files = (
				50729C5E1FE8BC0700313C3C /* L.png in Resources */,
				505EBC6E1FA30ABE00B2B70E /* LaunchScreen.storyboard in Resources */,
				50F1C8C61FEE0AEA00CBDA25 /* Draw.storyboard in Resources */,
				505EBC6B1FA30ABE00B2B70E /* Assets.xcassets in Resources */,
				505EBC691FA30ABE00B2B70E /* Main.storyboard in Resources */,
				509BFD191FA9CC9A00999675 /* Network.storyboard in Resources */,
			);
			runOnlyForDeploymentPostprocessing = 0;
		};
/* End PBXResourcesBuildPhase section */

/* Begin PBXShellScriptBuildPhase section */
		0C9A8DD6BB45156A956F9BF0 /* [CP] Copy Pods Resources */ = {
			isa = PBXShellScriptBuildPhase;
			buildActionMask = 2147483647;
			files = (
			);
			inputPaths = (
			);
			name = "[CP] Copy Pods Resources";
			outputPaths = (
			);
			runOnlyForDeploymentPostprocessing = 0;
			shellPath = /bin/sh;
			shellScript = "\"${SRCROOT}/Pods/Target Support Files/Pods-Whale/Pods-Whale-resources.sh\"\n";
			showEnvVarsInLog = 0;
		};
		2D5A68C38AF86EAF5CA78FB2 /* [CP] Check Pods Manifest.lock */ = {
			isa = PBXShellScriptBuildPhase;
			buildActionMask = 2147483647;
			files = (
			);
			inputPaths = (
				"${PODS_PODFILE_DIR_PATH}/Podfile.lock",
				"${PODS_ROOT}/Manifest.lock",
			);
			name = "[CP] Check Pods Manifest.lock";
			outputPaths = (
				"$(DERIVED_FILE_DIR)/Pods-Whale-checkManifestLockResult.txt",
			);
			runOnlyForDeploymentPostprocessing = 0;
			shellPath = /bin/sh;
			shellScript = "diff \"${PODS_PODFILE_DIR_PATH}/Podfile.lock\" \"${PODS_ROOT}/Manifest.lock\" > /dev/null\nif [ $? != 0 ] ; then\n    # print error to STDERR\n    echo \"error: The sandbox is not in sync with the Podfile.lock. Run 'pod install' or update your CocoaPods installation.\" >&2\n    exit 1\nfi\n# This output is used by Xcode 'outputs' to avoid re-running this script phase.\necho \"SUCCESS\" > \"${SCRIPT_OUTPUT_FILE_0}\"\n";
			showEnvVarsInLog = 0;
		};
		50CB4CBF1FCBB7080074BEAE /* ShellScript */ = {
			isa = PBXShellScriptBuildPhase;
			buildActionMask = 2147483647;
			files = (
			);
			inputPaths = (
			);
			outputPaths = (
			);
			runOnlyForDeploymentPostprocessing = 0;
			shellPath = /bin/sh;
			shellScript = "KEYWORDS=\"TODO:|FIXME:|XXX:|WAIT:\"\nfind \"${SRCROOT}\" \\( -name \"*.h\" -or -name \"*.m\" \\) -print0 | xargs -0 egrep --with-filename --line-number --only-matching \"($KEYWORDS).*\\$\" | perl -p -e \"s/($KEYWORDS)/ warning: \\$1/\"";
		};
		E9F08AC477AF5726BDAF6CC2 /* [CP] Embed Pods Frameworks */ = {
			isa = PBXShellScriptBuildPhase;
			buildActionMask = 2147483647;
			files = (
			);
			inputPaths = (
				"${SRCROOT}/Pods/Target Support Files/Pods-Whale/Pods-Whale-frameworks.sh",
				"${BUILT_PRODUCTS_DIR}/RxCocoa/RxCocoa.framework",
				"${BUILT_PRODUCTS_DIR}/RxSwift/RxSwift.framework",
				"${BUILT_PRODUCTS_DIR}/SnapKit/SnapKit.framework",
				"${BUILT_PRODUCTS_DIR}/SwiftyJSON/SwiftyJSON.framework",
			);
			name = "[CP] Embed Pods Frameworks";
			outputPaths = (
				"${TARGET_BUILD_DIR}/${FRAMEWORKS_FOLDER_PATH}/RxCocoa.framework",
				"${TARGET_BUILD_DIR}/${FRAMEWORKS_FOLDER_PATH}/RxSwift.framework",
				"${TARGET_BUILD_DIR}/${FRAMEWORKS_FOLDER_PATH}/SnapKit.framework",
				"${TARGET_BUILD_DIR}/${FRAMEWORKS_FOLDER_PATH}/SwiftyJSON.framework",
			);
			runOnlyForDeploymentPostprocessing = 0;
			shellPath = /bin/sh;
			shellScript = "\"${SRCROOT}/Pods/Target Support Files/Pods-Whale/Pods-Whale-frameworks.sh\"\n";
			showEnvVarsInLog = 0;
		};
/* End PBXShellScriptBuildPhase section */

/* Begin PBXSourcesBuildPhase section */
		505EBC5C1FA30ABE00B2B70E /* Sources */ = {
			isa = PBXSourcesBuildPhase;
			buildActionMask = 2147483647;
			files = (
				50158B5F1FE76A690013CC64 /* UINavigationBar+SJAdd.swift in Sources */,
				5033B8C11FAC1BC20041E326 /* Song.swift in Sources */,
				506A9EB91FEE390500425931 /* DrawVC.swift in Sources */,
				5033B8BC1FAC16D40041E326 /* SongCell.swift in Sources */,
				50D1BC841FA8130C008B4430 /* CALayer+SJAdd.swift in Sources */,
				505EBC941FA30D5700B2B70E /* ViewController.swift in Sources */,
				505EBC641FA30ABE00B2B70E /* AppDelegate.swift in Sources */,
				509F92531FE90FCB00D6CEAD /* String.swift in Sources */,
				50D1BC821FA80F8A008B4430 /* Array+SJAdd.swift in Sources */,
				507B77171FFB2DFC006C9468 /* SJNetwork.swift in Sources */,
				5033B8BF1FAC171E0041E326 /* StoryboardHelper.swift in Sources */,
				501808051FC6710E00391741 /* DownloadHelper.swift in Sources */,
				505EBC9B1FA316C800B2B70E /* UIScreen+SJAdd.swift in Sources */,
				50F1C8C81FEE220300CBDA25 /* PushButton.swift in Sources */,
				505740611FFDB9B40070E402 /* Sort.swift in Sources */,
				509273FB1FE4B63800D04BB1 /* String+SJRegex.swift in Sources */,
				506B37771FB049720015D397 /* SJScanHelper.swift in Sources */,
				5033B8CA1FAC59A40041E326 /* SearchVC+UISearchBarDelegate.swift in Sources */,
				5033B8BA1FAC16180041E326 /* SearchVC.swift in Sources */,
				50D7A21C1FBEE19D00E27A65 /* RXSwiftVC.swift in Sources */,
				5033B8C41FAC1DC70041E326 /* ModelProtocol.swift in Sources */,
				504DF60B1FA32390009AC5F2 /* SwordJoy.swift in Sources */,
				506EF5411FE270D20027E883 /* String+SJEncrypt.swift in Sources */,
				506B37741FB03ED60015D397 /* SJApp.swift in Sources */,
				505EBC9F1FA31ED900B2B70E /* UIColor+SJAdd.swift in Sources */,
				500C06FA1FDE254B003DD71F /* UITextField+SJAdd.swift in Sources */,
				50D1BC881FA81400008B4430 /* Dispatch+SJAdd.swift in Sources */,
				505EBC9D1FA316ED00B2B70E /* UIDevice+SJAdd.swift in Sources */,
				501808071FC67AAE00391741 /* FileHelper.swift in Sources */,
				5033B8C61FAC39BB0041E326 /* RequestHelper.swift in Sources */,
				504DF6041FA32353009AC5F2 /* UIImageView+SJAdd.swift in Sources */,
				501DFC141FDF799700EE0D81 /* SJCache.swift in Sources */,
				506A9EB71FEE33BB00425931 /* CounterView.swift in Sources */,
				504DF6081FA3237F009AC5F2 /* UIView+SJAdd.swift in Sources */,
				506A9EBB1FEE425D00425931 /* GraphView.swift in Sources */,
				50D7A21A1FBEE15500E27A65 /* SupportCode.swift in Sources */,
				50D1BC8C1FA82357008B4430 /* UIImage+SJAdd.swift in Sources */,
				50D1BC8A1FA8142B008B4430 /* Number+SJAdd.swift in Sources */,
				506B37721FB035940015D397 /* SJPermission.swift in Sources */,
				509F924D1FE8EE9100D6CEAD /* LineView.swift in Sources */,
				501808031FC66F2100391741 /* Download.swift in Sources */,
			);
			runOnlyForDeploymentPostprocessing = 0;
		};
/* End PBXSourcesBuildPhase section */

/* Begin PBXVariantGroup section */
		505EBC671FA30ABE00B2B70E /* Main.storyboard */ = {
			isa = PBXVariantGroup;
			children = (
				505EBC681FA30ABE00B2B70E /* Base */,
			);
			name = Main.storyboard;
			sourceTree = "<group>";
		};
		505EBC6C1FA30ABE00B2B70E /* LaunchScreen.storyboard */ = {
			isa = PBXVariantGroup;
			children = (
				505EBC6D1FA30ABE00B2B70E /* Base */,
			);
			name = LaunchScreen.storyboard;
			sourceTree = "<group>";
		};
/* End PBXVariantGroup section */

/* Begin XCBuildConfiguration section */
		505EBC861FA30ABE00B2B70E /* Debug */ = {
			isa = XCBuildConfiguration;
			buildSettings = {
				ALWAYS_SEARCH_USER_PATHS = NO;
				CLANG_ANALYZER_NONNULL = YES;
				CLANG_ANALYZER_NUMBER_OBJECT_CONVERSION = YES_AGGRESSIVE;
				CLANG_CXX_LANGUAGE_STANDARD = "gnu++14";
				CLANG_CXX_LIBRARY = "libc++";
				CLANG_ENABLE_MODULES = YES;
				CLANG_ENABLE_OBJC_ARC = YES;
				CLANG_WARN_BLOCK_CAPTURE_AUTORELEASING = YES;
				CLANG_WARN_BOOL_CONVERSION = YES;
				CLANG_WARN_COMMA = YES;
				CLANG_WARN_CONSTANT_CONVERSION = YES;
				CLANG_WARN_DIRECT_OBJC_ISA_USAGE = YES_ERROR;
				CLANG_WARN_DOCUMENTATION_COMMENTS = YES;
				CLANG_WARN_EMPTY_BODY = YES;
				CLANG_WARN_ENUM_CONVERSION = YES;
				CLANG_WARN_INFINITE_RECURSION = YES;
				CLANG_WARN_INT_CONVERSION = YES;
				CLANG_WARN_NON_LITERAL_NULL_CONVERSION = YES;
				CLANG_WARN_OBJC_LITERAL_CONVERSION = YES;
				CLANG_WARN_OBJC_ROOT_CLASS = YES_ERROR;
				CLANG_WARN_RANGE_LOOP_ANALYSIS = YES;
				CLANG_WARN_STRICT_PROTOTYPES = YES;
				CLANG_WARN_SUSPICIOUS_MOVE = YES;
				CLANG_WARN_UNGUARDED_AVAILABILITY = YES_AGGRESSIVE;
				CLANG_WARN_UNREACHABLE_CODE = YES;
				CLANG_WARN__DUPLICATE_METHOD_MATCH = YES;
				CODE_SIGN_IDENTITY = "iPhone Developer";
				COPY_PHASE_STRIP = NO;
				DEBUG_INFORMATION_FORMAT = dwarf;
				ENABLE_STRICT_OBJC_MSGSEND = YES;
				ENABLE_TESTABILITY = YES;
				GCC_C_LANGUAGE_STANDARD = gnu11;
				GCC_DYNAMIC_NO_PIC = NO;
				GCC_NO_COMMON_BLOCKS = YES;
				GCC_OPTIMIZATION_LEVEL = 0;
				GCC_PREPROCESSOR_DEFINITIONS = (
					"DEBUG=1",
					"$(inherited)",
				);
				GCC_WARN_64_TO_32_BIT_CONVERSION = YES;
				GCC_WARN_ABOUT_RETURN_TYPE = YES_ERROR;
				GCC_WARN_UNDECLARED_SELECTOR = YES;
				GCC_WARN_UNINITIALIZED_AUTOS = YES_AGGRESSIVE;
				GCC_WARN_UNUSED_FUNCTION = YES;
				GCC_WARN_UNUSED_VARIABLE = YES;
				IPHONEOS_DEPLOYMENT_TARGET = 11.0;
				MTL_ENABLE_DEBUG_INFO = YES;
				ONLY_ACTIVE_ARCH = YES;
				SDKROOT = iphoneos;
				SWIFT_ACTIVE_COMPILATION_CONDITIONS = DEBUG;
				SWIFT_OPTIMIZATION_LEVEL = "-Onone";
			};
			name = Debug;
		};
		505EBC871FA30ABE00B2B70E /* Release */ = {
			isa = XCBuildConfiguration;
			buildSettings = {
				ALWAYS_SEARCH_USER_PATHS = NO;
				CLANG_ANALYZER_NONNULL = YES;
				CLANG_ANALYZER_NUMBER_OBJECT_CONVERSION = YES_AGGRESSIVE;
				CLANG_CXX_LANGUAGE_STANDARD = "gnu++14";
				CLANG_CXX_LIBRARY = "libc++";
				CLANG_ENABLE_MODULES = YES;
				CLANG_ENABLE_OBJC_ARC = YES;
				CLANG_WARN_BLOCK_CAPTURE_AUTORELEASING = YES;
				CLANG_WARN_BOOL_CONVERSION = YES;
				CLANG_WARN_COMMA = YES;
				CLANG_WARN_CONSTANT_CONVERSION = YES;
				CLANG_WARN_DIRECT_OBJC_ISA_USAGE = YES_ERROR;
				CLANG_WARN_DOCUMENTATION_COMMENTS = YES;
				CLANG_WARN_EMPTY_BODY = YES;
				CLANG_WARN_ENUM_CONVERSION = YES;
				CLANG_WARN_INFINITE_RECURSION = YES;
				CLANG_WARN_INT_CONVERSION = YES;
				CLANG_WARN_NON_LITERAL_NULL_CONVERSION = YES;
				CLANG_WARN_OBJC_LITERAL_CONVERSION = YES;
				CLANG_WARN_OBJC_ROOT_CLASS = YES_ERROR;
				CLANG_WARN_RANGE_LOOP_ANALYSIS = YES;
				CLANG_WARN_STRICT_PROTOTYPES = YES;
				CLANG_WARN_SUSPICIOUS_MOVE = YES;
				CLANG_WARN_UNGUARDED_AVAILABILITY = YES_AGGRESSIVE;
				CLANG_WARN_UNREACHABLE_CODE = YES;
				CLANG_WARN__DUPLICATE_METHOD_MATCH = YES;
				CODE_SIGN_IDENTITY = "iPhone Developer";
				COPY_PHASE_STRIP = NO;
				DEBUG_INFORMATION_FORMAT = "dwarf-with-dsym";
				ENABLE_NS_ASSERTIONS = NO;
				ENABLE_STRICT_OBJC_MSGSEND = YES;
				GCC_C_LANGUAGE_STANDARD = gnu11;
				GCC_NO_COMMON_BLOCKS = YES;
				GCC_WARN_64_TO_32_BIT_CONVERSION = YES;
				GCC_WARN_ABOUT_RETURN_TYPE = YES_ERROR;
				GCC_WARN_UNDECLARED_SELECTOR = YES;
				GCC_WARN_UNINITIALIZED_AUTOS = YES_AGGRESSIVE;
				GCC_WARN_UNUSED_FUNCTION = YES;
				GCC_WARN_UNUSED_VARIABLE = YES;
				IPHONEOS_DEPLOYMENT_TARGET = 11.0;
				MTL_ENABLE_DEBUG_INFO = NO;
				SDKROOT = iphoneos;
				SWIFT_OPTIMIZATION_LEVEL = "-Owholemodule";
				VALIDATE_PRODUCT = YES;
			};
			name = Release;
		};
		505EBC891FA30ABE00B2B70E /* Debug */ = {
			isa = XCBuildConfiguration;
			baseConfigurationReference = F0F8C1DA28A00307E83AC850 /* Pods-Whale.debug.xcconfig */;
			buildSettings = {
				ASSETCATALOG_COMPILER_APPICON_NAME = AppIcon;
				CODE_SIGN_STYLE = Automatic;
				DEVELOPMENT_TEAM = 2LZXJG2N9H;
				INFOPLIST_FILE = "$(SRCROOT)/Whale/Supporting Files/Info.plist";
				LD_RUNPATH_SEARCH_PATHS = "$(inherited) @executable_path/Frameworks";
				PRODUCT_BUNDLE_IDENTIFIER = com.swordjoy.Whale;
				PRODUCT_NAME = "$(TARGET_NAME)";
				SWIFT_INCLUDE_PATHS = "";
				SWIFT_VERSION = 4.0;
				TARGETED_DEVICE_FAMILY = 1;
			};
			name = Debug;
		};
		505EBC8A1FA30ABE00B2B70E /* Release */ = {
			isa = XCBuildConfiguration;
			baseConfigurationReference = 174A43BB14A8DF560E340260 /* Pods-Whale.release.xcconfig */;
			buildSettings = {
				ASSETCATALOG_COMPILER_APPICON_NAME = AppIcon;
				CODE_SIGN_STYLE = Automatic;
				DEVELOPMENT_TEAM = 2LZXJG2N9H;
				INFOPLIST_FILE = "$(SRCROOT)/Whale/Supporting Files/Info.plist";
				LD_RUNPATH_SEARCH_PATHS = "$(inherited) @executable_path/Frameworks";
				PRODUCT_BUNDLE_IDENTIFIER = com.swordjoy.Whale;
				PRODUCT_NAME = "$(TARGET_NAME)";
				SWIFT_VERSION = 4.0;
				TARGETED_DEVICE_FAMILY = 1;
			};
			name = Release;
		};
/* End XCBuildConfiguration section */

/* Begin XCConfigurationList section */
		505EBC5B1FA30ABE00B2B70E /* Build configuration list for PBXProject "Whale" */ = {
			isa = XCConfigurationList;
			buildConfigurations = (
				505EBC861FA30ABE00B2B70E /* Debug */,
				505EBC871FA30ABE00B2B70E /* Release */,
			);
			defaultConfigurationIsVisible = 0;
			defaultConfigurationName = Release;
		};
		505EBC881FA30ABE00B2B70E /* Build configuration list for PBXNativeTarget "Whale" */ = {
			isa = XCConfigurationList;
			buildConfigurations = (
				505EBC891FA30ABE00B2B70E /* Debug */,
				505EBC8A1FA30ABE00B2B70E /* Release */,
			);
			defaultConfigurationIsVisible = 0;
			defaultConfigurationName = Release;
		};
/* End XCConfigurationList section */
	};
	rootObject = 505EBC581FA30ABE00B2B70E /* Project object */;
}
